
Microsoft Visual Studio Solution File, Format Version 12.00
# Visual Studio 2015
Project("{FAE04EC0-301F-11D3-BF4B-00C04F79EFBC}") = "Awale.CSharp.Plugins", "Awale.CSharp.Plugins.csproj", "{5CA66D49-D654-D797-7878-43F3912D3551}"
EndProject
Project("{FAE04EC0-301F-11D3-BF4B-00C04F79EFBC}") = "Awale.CSharp", "Awale.CSharp.csproj", "{C4C3FE58-C5FC-9F0B-5765-12CA597F21C9}"
EndProject
Project("{FAE04EC0-301F-11D3-BF4B-00C04F79EFBC}") = "Awale.CSharp.Editor", "Awale.CSharp.Editor.csproj", "{1C52E42A-513F-74EB-F4A2-65F09546B021}"
EndProject
Global
	GlobalSection(SolutionConfigurationPlatforms) = preSolution
		Debug|Any CPU = Debug|Any CPU
		Release|Any CPU = Release|Any CPU
	EndGlobalSection
	GlobalSection(ProjectConfigurationPlatforms) = postSolution
		{5CA66D49-D654-D797-7878-43F3912D3551}.Debug|Any CPU.ActiveCfg = Debug|Any CPU
		{5CA66D49-D654-D797-7878-43F3912D3551}.Debug|Any CPU.Build.0 = Debug|Any CPU
		{5CA66D49-D654-D797-7878-43F3912D3551}.Release|Any CPU.ActiveCfg = Release|Any CPU
		{5CA66D49-D654-D797-7878-43F3912D3551}.Release|Any CPU.Build.0 = Release|Any CPU
		{C4C3FE58-C5FC-9F0B-5765-12CA597F21C9}.Debug|Any CPU.ActiveCfg = Debug|Any CPU
		{C4C3FE58-C5FC-9F0B-5765-12CA597F21C9}.Debug|Any CPU.Build.0 = Debug|Any CPU
		{C4C3FE58-C5FC-9F0B-5765-12CA597F21C9}.Release|Any CPU.ActiveCfg = Release|Any CPU
		{C4C3FE58-C5FC-9F0B-5765-12CA597F21C9}.Release|Any CPU.Build.0 = Release|Any CPU
		{1C52E42A-513F-74EB-F4A2-65F09546B021}.Debug|Any CPU.ActiveCfg = Debug|Any CPU
		{1C52E42A-513F-74EB-F4A2-65F09546B021}.Debug|Any CPU.Build.0 = Debug|Any CPU
		{1C52E42A-513F-74EB-F4A2-65F09546B021}.Release|Any CPU.ActiveCfg = Release|Any CPU
		{1C52E42A-513F-74EB-F4A2-65F09546B021}.Release|Any CPU.Build.0 = Release|Any CPU
	EndGlobalSection
	GlobalSection(SolutionProperties) = preSolution
		HideSolutionNode = FALSE
	EndGlobalSection
EndGlobal
